// !$*UTF8*$!
{
	archiveVersion = 1;
	classes = {
	};
	objectVersion = 50;
	objects = {

/* Begin PBXBuildFile section */
		D611000025BBC03A00F44D5B /* LaunchScreen.storyboard in Resources */ = {isa = PBXBuildFile; fileRef = D611FFFE25BBC03A00F44D5B /* LaunchScreen.storyboard */; };
		D611000A25BBC1F700F44D5B /* maruSound.mp3 in Resources */ = {isa = PBXBuildFile; fileRef = D611000925BBC1F700F44D5B /* maruSound.mp3 */; };
		D611000D25BBC20100F44D5B /* batsuSound.mp3 in Resources */ = {isa = PBXBuildFile; fileRef = D611000C25BBC20000F44D5B /* batsuSound.mp3 */; };
		D611001A25BBCA0C00F44D5B /* NextViewController.swift in Sources */ = {isa = PBXBuildFile; fileRef = D611001925BBCA0C00F44D5B /* NextViewController.swift */; };
		D611001D25BBCA6500F44D5B /* ImagesModel.swift in Sources */ = {isa = PBXBuildFile; fileRef = D611001C25BBCA6500F44D5B /* ImagesModel.swift */; };
		D611002025BBCB6B00F44D5B /* imagesList.swift in Sources */ = {isa = PBXBuildFile; fileRef = D611001F25BBCB6B00F44D5B /* imagesList.swift */; };
		D611002325BBD3E500F44D5B /* AppIcon.appiconset in Resources */ = {isa = PBXBuildFile; fileRef = D611002225BBD3E500F44D5B /* AppIcon.appiconset */; };
		D611002725BBDE2D00F44D5B /* SoundFile.swift in Sources */ = {isa = PBXBuildFile; fileRef = D611002625BBDE2D00F44D5B /* SoundFile.swift */; };
		D611002B25BBE42400F44D5B /* withoutMP3.swift in Sources */ = {isa = PBXBuildFile; fileRef = D611002A25BBE42400F44D5B /* withoutMP3.swift */; };
		D611FFF425BBC03500F44D5B /* AppDelegate.swift in Sources */ = {isa = PBXBuildFile; fileRef = D611FFF325BBC03500F44D5B /* AppDelegate.swift */; };
		D611FFF625BBC03500F44D5B /* SceneDelegate.swift in Sources */ = {isa = PBXBuildFile; fileRef = D611FFF525BBC03500F44D5B /* SceneDelegate.swift */; };
		D611FFF825BBC03500F44D5B /* ViewController.swift in Sources */ = {isa = PBXBuildFile; fileRef = D611FFF725BBC03500F44D5B /* ViewController.swift */; };
		D611FFFB25BBC03500F44D5B /* Main.storyboard in Resources */ = {isa = PBXBuildFile; fileRef = D611FFF925BBC03500F44D5B /* Main.storyboard */; };
		D611FFFD25BBC03A00F44D5B /* Assets.xcassets in Resources */ = {isa = PBXBuildFile; fileRef = D611FFFC25BBC03A00F44D5B /* Assets.xcassets */; };
/* End PBXBuildFile section */

/* Begin PBXFileReference section */
		D611000125BBC03A00F44D5B /* Info.plist */ = {isa = PBXFileReference; lastKnownFileType = text.plist.xml; path = Info.plist; sourceTree = "<group>"; };
		D611000925BBC1F700F44D5B /* maruSound.mp3 */ = {isa = PBXFileReference; lastKnownFileType = audio.mp3; name = maruSound.mp3; path = "../../../Downloads/Resources 2/iOS14画像集/QuestionApp1素材/maruSound.mp3"; sourceTree = "<group>"; };
		D611000C25BBC20000F44D5B /* batsuSound.mp3 */ = {isa = PBXFileReference; lastKnownFileType = audio.mp3; name = batsuSound.mp3; path = "../../../Downloads/Resources 2/iOS14画像集/QuestionApp1素材/batsuSound.mp3"; sourceTree = "<group>"; };
		D611001925BBCA0C00F44D5B /* NextViewController.swift */ = {isa = PBXFileReference; fileEncoding = 4; lastKnownFileType = sourcecode.swift; path = NextViewController.swift; sourceTree = "<group>"; };
		D611001C25BBCA6500F44D5B /* ImagesModel.swift */ = {isa = PBXFileReference; lastKnownFileType = sourcecode.swift; name = ImagesModel.swift; path = Quiz/Model/ImagesModel.swift; sourceTree = SOURCE_ROOT; };
		D611001F25BBCB6B00F44D5B /* imagesList.swift */ = {isa = PBXFileReference; lastKnownFileType = sourcecode.swift; path = imagesList.swift; sourceTree = "<group>"; };
		D611002225BBD3E500F44D5B /* AppIcon.appiconset */ = {isa = PBXFileReference; lastKnownFileType = folder; name = AppIcon.appiconset; path = ../../../TableView2/TableView2/Assets.xcassets/AppIcon.appiconset; sourceTree = "<group>"; };
		D611002625BBDE2D00F44D5B /* SoundFile.swift */ = {isa = PBXFileReference; lastKnownFileType = sourcecode.swift; name = SoundFile.swift; path = Quiz/Model/SoundFile.swift; sourceTree = SOURCE_ROOT; };
		D611002A25BBE42400F44D5B /* withoutMP3.swift */ = {isa = PBXFileReference; lastKnownFileType = sourcecode.swift; name = withoutMP3.swift; path = Quiz/Model/withoutMP3.swift; sourceTree = SOURCE_ROOT; };
		D611FFF025BBC03500F44D5B /* Quiz.app */ = {isa = PBXFileReference; explicitFileType = wrapper.application; includeInIndex = 0; path = Quiz.app; sourceTree = BUILT_PRODUCTS_DIR; };
		D611FFF325BBC03500F44D5B /* AppDelegate.swift */ = {isa = PBXFileReference; lastKnownFileType = sourcecode.swift; path = AppDelegate.swift; sourceTree = "<group>"; };
		D611FFF525BBC03500F44D5B /* SceneDelegate.swift */ = {isa = PBXFileReference; lastKnownFileType = sourcecode.swift; path = SceneDelegate.swift; sourceTree = "<group>"; };
		D611FFF725BBC03500F44D5B /* ViewController.swift */ = {isa = PBXFileReference; lastKnownFileType = sourcecode.swift; path = ViewController.swift; sourceTree = "<group>"; };
		D611FFFA25BBC03500F44D5B /* Base */ = {isa = PBXFileReference; lastKnownFileType = file.storyboard; name = Base; path = Base.lproj/Main.storyboard; sourceTree = "<group>"; };
		D611FFFC25BBC03A00F44D5B /* Assets.xcassets */ = {isa = PBXFileReference; lastKnownFileType = folder.assetcatalog; path = Assets.xcassets; sourceTree = "<group>"; };
		D611FFFF25BBC03A00F44D5B /* Base */ = {isa = PBXFileReference; lastKnownFileType = file.storyboard; name = Base; path = Base.lproj/LaunchScreen.storyboard; sourceTree = "<group>"; };
/* End PBXFileReference section */

/* Begin PBXFrameworksBuildPhase section */
		D611FFED25BBC03500F44D5B /* Frameworks */ = {
			isa = PBXFrameworksBuildPhase;
			buildActionMask = 2147483647;
			files = (
			);
			runOnlyForDeploymentPostprocessing = 0;
		};
/* End PBXFrameworksBuildPhase section */

/* Begin PBXGroup section */
		D611000F25BBC29800F44D5B /* Model */ = {
			isa = PBXGroup;
			children = (
				D611001C25BBCA6500F44D5B /* ImagesModel.swift */,
				D611002625BBDE2D00F44D5B /* SoundFile.swift */,
				D611001F25BBCB6B00F44D5B /* imagesList.swift */,
				D611002A25BBE42400F44D5B /* withoutMP3.swift */,
			);
			path = Model;
			sourceTree = "<group>";
		};
		D611001025BBC2AB00F44D5B /* View */ = {
			isa = PBXGroup;
			children = (
				D611FFF925BBC03500F44D5B /* Main.storyboard */,
				D611FFFC25BBC03A00F44D5B /* Assets.xcassets */,
				D611002225BBD3E500F44D5B /* AppIcon.appiconset */,
			);
			path = View;
			sourceTree = "<group>";
		};
		D611001125BBC2B600F44D5B /* Controller */ = {
			isa = PBXGroup;
			children = (
				D611FFF325BBC03500F44D5B /* AppDelegate.swift */,
				D611FFF725BBC03500F44D5B /* ViewController.swift */,
				D611FFF525BBC03500F44D5B /* SceneDelegate.swift */,
				D611001925BBCA0C00F44D5B /* NextViewController.swift */,
			);
			path = Controller;
			sourceTree = "<group>";
		};
		D611FFE725BBC03500F44D5B = {
			isa = PBXGroup;
			children = (
				D611FFF225BBC03500F44D5B /* Quiz */,
				D611FFF125BBC03500F44D5B /* Products */,
			);
			sourceTree = "<group>";
		};
		D611FFF125BBC03500F44D5B /* Products */ = {
			isa = PBXGroup;
			children = (
				D611FFF025BBC03500F44D5B /* Quiz.app */,
			);
			name = Products;
			sourceTree = "<group>";
		};
		D611FFF225BBC03500F44D5B /* Quiz */ = {
			isa = PBXGroup;
			children = (
				D611000F25BBC29800F44D5B /* Model */,
				D611001025BBC2AB00F44D5B /* View */,
				D611001125BBC2B600F44D5B /* Controller */,
				D611FFFE25BBC03A00F44D5B /* LaunchScreen.storyboard */,
				D611000125BBC03A00F44D5B /* Info.plist */,
				D611000C25BBC20000F44D5B /* batsuSound.mp3 */,
				D611000925BBC1F700F44D5B /* maruSound.mp3 */,
			);
			path = Quiz;
			sourceTree = "<group>";
		};
/* End PBXGroup section */

/* Begin PBXNativeTarget section */
		D611FFEF25BBC03500F44D5B /* Quiz */ = {
			isa = PBXNativeTarget;
			buildConfigurationList = D611000425BBC03A00F44D5B /* Build configuration list for PBXNativeTarget "Quiz" */;
			buildPhases = (
				D611FFEC25BBC03500F44D5B /* Sources */,
				D611FFED25BBC03500F44D5B /* Frameworks */,
				D611FFEE25BBC03500F44D5B /* Resources */,
			);
			buildRules = (
			);
			dependencies = (
			);
			name = Quiz;
			productName = Quiz;
			productReference = D611FFF025BBC03500F44D5B /* Quiz.app */;
			productType = "com.apple.product-type.application";
		};
/* End PBXNativeTarget section */

/* Begin PBXProject section */
		D611FFE825BBC03500F44D5B /* Project object */ = {
			isa = PBXProject;
			attributes = {
				LastSwiftUpdateCheck = 1230;
				LastUpgradeCheck = 1230;
				TargetAttributes = {
					D611FFEF25BBC03500F44D5B = {
						CreatedOnToolsVersion = 12.3;
					};
				};
			};
			buildConfigurationList = D611FFEB25BBC03500F44D5B /* Build configuration list for PBXProject "Quiz" */;
			compatibilityVersion = "Xcode 9.3";
			developmentRegion = en;
			hasScannedForEncodings = 0;
			knownRegions = (
				en,
				Base,
			);
			mainGroup = D611FFE725BBC03500F44D5B;
			productRefGroup = D611FFF125BBC03500F44D5B /* Products */;
			projectDirPath = "";
			projectRoot = "";
			targets = (
				D611FFEF25BBC03500F44D5B /* Quiz */,
			);
		};
/* End PBXProject section */

/* Begin PBXResourcesBuildPhase section */
		D611FFEE25BBC03500F44D5B /* Resources */ = {
			isa = PBXResourcesBuildPhase;
			buildActionMask = 2147483647;
			files = (
				D611000025BBC03A00F44D5B /* LaunchScreen.storyboard in Resources */,
				D611000A25BBC1F700F44D5B /* maruSound.mp3 in Resources */,
				D611FFFD25BBC03A00F44D5B /* Assets.xcassets in Resources */,
				D611000D25BBC20100F44D5B /* batsuSound.mp3 in Resources */,
				D611002325BBD3E500F44D5B /* AppIcon.appiconset in Resources */,
				D611FFFB25BBC03500F44D5B /* Main.storyboard in Resources */,
			);
			runOnlyForDeploymentPostprocessing = 0;
		};
/* End PBXResourcesBuildPhase section */

/* Begin PBXSourcesBuildPhase section */
		D611FFEC25BBC03500F44D5B /* Sources */ = {
			isa = PBXSourcesBuildPhase;
			buildActionMask = 2147483647;
			files = (
				D611FFF825BBC03500F44D5B /* ViewController.swift in Sources */,
				D611002725BBDE2D00F44D5B /* SoundFile.swift in Sources */,
				D611001A25BBCA0C00F44D5B /* NextViewController.swift in Sources */,
				D611FFF425BBC03500F44D5B /* AppDelegate.swift in Sources */,
				D611FFF625BBC03500F44D5B /* SceneDelegate.swift in Sources */,
				D611001D25BBCA6500F44D5B /* ImagesModel.swift in Sources */,
				D611002025BBCB6B00F44D5B /* imagesList.swift in Sources */,
				D611002B25BBE42400F44D5B /* withoutMP3.swift in Sources */,
			);
			runOnlyForDeploymentPostprocessing = 0;
		};
/* End PBXSourcesBuildPhase section */

/* Begin PBXVariantGroup section */
		D611FFF925BBC03500F44D5B /* Main.storyboard */ = {
			isa = PBXVariantGroup;
			children = (
				D611FFFA25BBC03500F44D5B /* Base */,
			);
			name = Main.storyboard;
			sourceTree = "<group>";
		};
		D611FFFE25BBC03A00F44D5B /* LaunchScreen.storyboard */ = {
			isa = PBXVariantGroup;
			children = (
				D611FFFF25BBC03A00F44D5B /* Base */,
			);
			name = LaunchScreen.storyboard;
			sourceTree = "<group>";
		};
/* End PBXVariantGroup section */

/* Begin XCBuildConfiguration section */
		D611000225BBC03A00F44D5B /* Debug */ = {
			isa = XCBuildConfiguration;
			buildSettings = {
				ALWAYS_SEARCH_USER_PATHS = NO;
				CLANG_ANALYZER_NONNULL = YES;
				CLANG_ANALYZER_NUMBER_OBJECT_CONVERSION = YES_AGGRESSIVE;
				CLANG_CXX_LANGUAGE_STANDARD = "gnu++14";
				CLANG_CXX_LIBRARY = "libc++";
				CLANG_ENABLE_MODULES = YES;
				CLANG_ENABLE_OBJC_ARC = YES;
				CLANG_ENABLE_OBJC_WEAK = YES;
				CLANG_WARN_BLOCK_CAPTURE_AUTORELEASING = YES;
				CLANG_WARN_BOOL_CONVERSION = YES;
				CLANG_WARN_COMMA = YES;
				CLANG_WARN_CONSTANT_CONVERSION = YES;
				CLANG_WARN_DEPRECATED_OBJC_IMPLEMENTATIONS = YES;
				CLANG_WARN_DIRECT_OBJC_ISA_USAGE = YES_ERROR;
				CLANG_WARN_DOCUMENTATION_COMMENTS = YES;
				CLANG_WARN_EMPTY_BODY = YES;
				CLANG_WARN_ENUM_CONVERSION = YES;
				CLANG_WARN_INFINITE_RECURSION = YES;
				CLANG_WARN_INT_CONVERSION = YES;
				CLANG_WARN_NON_LITERAL_NULL_CONVERSION = YES;
				CLANG_WARN_OBJC_IMPLICIT_RETAIN_SELF = YES;
				CLANG_WARN_OBJC_LITERAL_CONVERSION = YES;
				CLANG_WARN_OBJC_ROOT_CLASS = YES_ERROR;
				CLANG_WARN_QUOTED_INCLUDE_IN_FRAMEWORK_HEADER = YES;
				CLANG_WARN_RANGE_LOOP_ANALYSIS = YES;
				CLANG_WARN_STRICT_PROTOTYPES = YES;
				CLANG_WARN_SUSPICIOUS_MOVE = YES;
				CLANG_WARN_UNGUARDED_AVAILABILITY = YES_AGGRESSIVE;
				CLANG_WARN_UNREACHABLE_CODE = YES;
				CLANG_WARN__DUPLICATE_METHOD_MATCH = YES;
				COPY_PHASE_STRIP = NO;
				DEBUG_INFORMATION_FORMAT = dwarf;
				ENABLE_STRICT_OBJC_MSGSEND = YES;
				ENABLE_TESTABILITY = YES;
				GCC_C_LANGUAGE_STANDARD = gnu11;
				GCC_DYNAMIC_NO_PIC = NO;
				GCC_NO_COMMON_BLOCKS = YES;
				GCC_OPTIMIZATION_LEVEL = 0;
				GCC_PREPROCESSOR_DEFINITIONS = (
					"DEBUG=1",
					"$(inherited)",
				);
				GCC_WARN_64_TO_32_BIT_CONVERSION = YES;
				GCC_WARN_ABOUT_RETURN_TYPE = YES_ERROR;
				GCC_WARN_UNDECLARED_SELECTOR = YES;
				GCC_WARN_UNINITIALIZED_AUTOS = YES_AGGRESSIVE;
				GCC_WARN_UNUSED_FUNCTION = YES;
				GCC_WARN_UNUSED_VARIABLE = YES;
				IPHONEOS_DEPLOYMENT_TARGET = 14.3;
				MTL_ENABLE_DEBUG_INFO = INCLUDE_SOURCE;
				MTL_FAST_MATH = YES;
				ONLY_ACTIVE_ARCH = YES;
				SDKROOT = iphoneos;
				SWIFT_ACTIVE_COMPILATION_CONDITIONS = DEBUG;
				SWIFT_OPTIMIZATION_LEVEL = "-Onone";
			};
			name = Debug;
		};
		D611000325BBC03A00F44D5B /* Release */ = {
			isa = XCBuildConfiguration;
			buildSettings = {
				ALWAYS_SEARCH_USER_PATHS = NO;
				CLANG_ANALYZER_NONNULL = YES;
				CLANG_ANALYZER_NUMBER_OBJECT_CONVERSION = YES_AGGRESSIVE;
				CLANG_CXX_LANGUAGE_STANDARD = "gnu++14";
				CLANG_CXX_LIBRARY = "libc++";
				CLANG_ENABLE_MODULES = YES;
				CLANG_ENABLE_OBJC_ARC = YES;
				CLANG_ENABLE_OBJC_WEAK = YES;
				CLANG_WARN_BLOCK_CAPTURE_AUTORELEASING = YES;
				CLANG_WARN_BOOL_CONVERSION = YES;
				CLANG_WARN_COMMA = YES;
				CLANG_WARN_CONSTANT_CONVERSION = YES;
				CLANG_WARN_DEPRECATED_OBJC_IMPLEMENTATIONS = YES;
				CLANG_WARN_DIRECT_OBJC_ISA_USAGE = YES_ERROR;
				CLANG_WARN_DOCUMENTATION_COMMENTS = YES;
				CLANG_WARN_EMPTY_BODY = YES;
				CLANG_WARN_ENUM_CONVERSION = YES;
				CLANG_WARN_INFINITE_RECURSION = YES;
				CLANG_WARN_INT_CONVERSION = YES;
				CLANG_WARN_NON_LITERAL_NULL_CONVERSION = YES;
				CLANG_WARN_OBJC_IMPLICIT_RETAIN_SELF = YES;
				CLANG_WARN_OBJC_LITERAL_CONVERSION = YES;
				CLANG_WARN_OBJC_ROOT_CLASS = YES_ERROR;
				CLANG_WARN_QUOTED_INCLUDE_IN_FRAMEWORK_HEADER = YES;
				CLANG_WARN_RANGE_LOOP_ANALYSIS = YES;
				CLANG_WARN_STRICT_PROTOTYPES = YES;
				CLANG_WARN_SUSPICIOUS_MOVE = YES;
				CLANG_WARN_UNGUARDED_AVAILABILITY = YES_AGGRESSIVE;
				CLANG_WARN_UNREACHABLE_CODE = YES;
				CLANG_WARN__DUPLICATE_METHOD_MATCH = YES;
				COPY_PHASE_STRIP = NO;
				DEBUG_INFORMATION_FORMAT = "dwarf-with-dsym";
				ENABLE_NS_ASSERTIONS = NO;
				ENABLE_STRICT_OBJC_MSGSEND = YES;
				GCC_C_LANGUAGE_STANDARD = gnu11;
				GCC_NO_COMMON_BLOCKS = YES;
				GCC_WARN_64_TO_32_BIT_CONVERSION = YES;
				GCC_WARN_ABOUT_RETURN_TYPE = YES_ERROR;
				GCC_WARN_UNDECLARED_SELECTOR = YES;
				GCC_WARN_UNINITIALIZED_AUTOS = YES_AGGRESSIVE;
				GCC_WARN_UNUSED_FUNCTION = YES;
				GCC_WARN_UNUSED_VARIABLE = YES;
				IPHONEOS_DEPLOYMENT_TARGET = 14.3;
				MTL_ENABLE_DEBUG_INFO = NO;
				MTL_FAST_MATH = YES;
				SDKROOT = iphoneos;
				SWIFT_COMPILATION_MODE = wholemodule;
				SWIFT_OPTIMIZATION_LEVEL = "-O";
				VALIDATE_PRODUCT = YES;
			};
			name = Release;
		};
		D611000525BBC03A00F44D5B /* Debug */ = {
			isa = XCBuildConfiguration;
			buildSettings = {
				ASSETCATALOG_COMPILER_APPICON_NAME = AppIcon;
				ASSETCATALOG_COMPILER_GLOBAL_ACCENT_COLOR_NAME = AccentColor;
				CODE_SIGN_STYLE = Automatic;
				DEVELOPMENT_TEAM = XG67HJ66AZ;
				INFOPLIST_FILE = Quiz/Info.plist;
				IPHONEOS_DEPLOYMENT_TARGET = 13.4;
				LD_RUNPATH_SEARCH_PATHS = (
					"$(inherited)",
					"@executable_path/Frameworks",
				);
				PRODUCT_BUNDLE_IDENTIFIER = com.yuta.waseda.Quiz;
				PRODUCT_NAME = "$(TARGET_NAME)";
				SWIFT_VERSION = 5.0;
				TARGETED_DEVICE_FAMILY = 1;
			};
			name = Debug;
		};
		D611000625BBC03A00F44D5B /* Release */ = {
			isa = XCBuildConfiguration;
			buildSettings = {
				ASSETCATALOG_COMPILER_APPICON_NAME = AppIcon;
				ASSETCATALOG_COMPILER_GLOBAL_ACCENT_COLOR_NAME = AccentColor;
				CODE_SIGN_STYLE = Automatic;
				DEVELOPMENT_TEAM = XG67HJ66AZ;
				INFOPLIST_FILE = Quiz/Info.plist;
				IPHONEOS_DEPLOYMENT_TARGET = 13.4;
				LD_RUNPATH_SEARCH_PATHS = (
					"$(inherited)",
					"@executable_path/Frameworks",
				);
				PRODUCT_BUNDLE_IDENTIFIER = com.yuta.waseda.Quiz;
				PRODUCT_NAME = "$(TARGET_NAME)";
				SWIFT_VERSION = 5.0;
				TARGETED_DEVICE_FAMILY = 1;
			};
			name = Release;
		};
/* End XCBuildConfiguration section */

/* Begin XCConfigurationList section */
		D611000425BBC03A00F44D5B /* Build configuration list for PBXNativeTarget "Quiz" */ = {
			isa = XCConfigurationList;
			buildConfigurations = (
				D611000525BBC03A00F44D5B /* Debug */,
				D611000625BBC03A00F44D5B /* Release */,
			);
			defaultConfigurationIsVisible = 0;
			defaultConfigurationName = Release;
		};
		D611FFEB25BBC03500F44D5B /* Build configuration list for PBXProject "Quiz" */ = {
			isa = XCConfigurationList;
			buildConfigurations = (
				D611000225BBC03A00F44D5B /* Debug */,
				D611000325BBC03A00F44D5B /* Release */,
			);
			defaultConfigurationIsVisible = 0;
			defaultConfigurationName = Release;
		};
/* End XCConfigurationList section */
	};
	rootObject = D611FFE825BBC03500F44D5B /* Project object */;
}
